
Microsoft Visual Studio Solution File, Format Version 12.00
# Visual Studio Version 16
VisualStudioVersion = 16.0.31410.223
MinimumVisualStudioVersion = 10.0.40219.1
Project("{8BC9CEB8-8B4A-11D0-8D11-00A0C91BC942}") = "Syringe", "Debugger.vcxproj", "{DC2E7848-31D1-43EA-90D5-A5F1FB28E8AC}"
EndProject
Project("{8BC9CEB8-8B4A-11D0-8D11-00A0C91BC942}") = "SyringeExDll", "SyringeExDll\SyringeExDll.vcxproj", "{0090D41F-8CE0-4082-9DEE-C952589B8EC6}"
EndProject
Project("{8BC9CEB8-8B4A-11D0-8D11-00A0C91BC942}") = "Tests", "Tests.vcxproj", "{A1B2C3D4-1234-5678-9ABC-DEF012345678}"
EndProject
Project("{8BC9CEB8-8B4A-11D0-8D11-00A0C91BC942}") = "Zydis", "external\Zydis.vcxproj", "{B2C3D4E5-2345-6789-ABCD-EF2345678901}"
EndProject
Project("{8BC9CEB8-8B4A-11D0-8D11-00A0C91BC942}") = "NametestTarget", "tests\NametestTarget.vcxproj", "{C902AB42-BAA7-4036-97D4-86F910F746F3}"
EndProject
Project("{8BC9CEB8-8B4A-11D0-8D11-00A0C91BC942}") = "NametestStdTarget", "tests\NametestStdTarget.vcxproj", "{A52D9C5B-D137-478C-9F6D-36C42DE25BDF}"
EndProject
Global
	GlobalSection(SolutionConfigurationPlatforms) = preSolution
		Debug|Any CPU = Debug|Any CPU
		Debug|Mixed Platforms = Debug|Mixed Platforms
		Debug|Win32 = Debug|Win32
		Debug|x64 = Debug|x64
		Release|Any CPU = Release|Any CPU
		Release|Mixed Platforms = Release|Mixed Platforms
		Release|Win32 = Release|Win32
		Release|x64 = Release|x64
	EndGlobalSection
	GlobalSection(ProjectConfigurationPlatforms) = postSolution
		{DC2E7848-31D1-43EA-90D5-A5F1FB28E8AC}.Debug|Any CPU.ActiveCfg = Debug|Win32
		{DC2E7848-31D1-43EA-90D5-A5F1FB28E8AC}.Debug|Mixed Platforms.ActiveCfg = Debug|Win32
		{DC2E7848-31D1-43EA-90D5-A5F1FB28E8AC}.Debug|Mixed Platforms.Build.0 = Debug|Win32
		{DC2E7848-31D1-43EA-90D5-A5F1FB28E8AC}.Debug|Win32.ActiveCfg = Debug|Win32
		{DC2E7848-31D1-43EA-90D5-A5F1FB28E8AC}.Debug|Win32.Build.0 = Debug|Win32
		{DC2E7848-31D1-43EA-90D5-A5F1FB28E8AC}.Debug|x64.ActiveCfg = Debug|Win32
		{DC2E7848-31D1-43EA-90D5-A5F1FB28E8AC}.Release|Any CPU.ActiveCfg = Release|Win32
		{DC2E7848-31D1-43EA-90D5-A5F1FB28E8AC}.Release|Mixed Platforms.ActiveCfg = Release|Win32
		{DC2E7848-31D1-43EA-90D5-A5F1FB28E8AC}.Release|Mixed Platforms.Build.0 = Release|Win32
		{DC2E7848-31D1-43EA-90D5-A5F1FB28E8AC}.Release|Win32.ActiveCfg = Release|Win32
		{DC2E7848-31D1-43EA-90D5-A5F1FB28E8AC}.Release|Win32.Build.0 = Release|Win32
		{DC2E7848-31D1-43EA-90D5-A5F1FB28E8AC}.Release|x64.ActiveCfg = Release|Win32
		{0090D41F-8CE0-4082-9DEE-C952589B8EC6}.Debug|Any CPU.ActiveCfg = Debug|Win32
		{0090D41F-8CE0-4082-9DEE-C952589B8EC6}.Debug|Mixed Platforms.ActiveCfg = Debug|Win32
		{0090D41F-8CE0-4082-9DEE-C952589B8EC6}.Debug|Mixed Platforms.Build.0 = Debug|Win32
		{0090D41F-8CE0-4082-9DEE-C952589B8EC6}.Debug|Win32.ActiveCfg = Debug|Win32
		{0090D41F-8CE0-4082-9DEE-C952589B8EC6}.Debug|Win32.Build.0 = Debug|Win32
		{0090D41F-8CE0-4082-9DEE-C952589B8EC6}.Debug|x64.ActiveCfg = Debug|x64
		{0090D41F-8CE0-4082-9DEE-C952589B8EC6}.Debug|x64.Build.0 = Debug|x64
		{0090D41F-8CE0-4082-9DEE-C952589B8EC6}.Release|Any CPU.ActiveCfg = Release|Win32
		{0090D41F-8CE0-4082-9DEE-C952589B8EC6}.Release|Mixed Platforms.ActiveCfg = Release|Win32
		{0090D41F-8CE0-4082-9DEE-C952589B8EC6}.Release|Mixed Platforms.Build.0 = Release|Win32
		{0090D41F-8CE0-4082-9DEE-C952589B8EC6}.Release|Win32.ActiveCfg = Release|Win32
		{0090D41F-8CE0-4082-9DEE-C952589B8EC6}.Release|Win32.Build.0 = Release|Win32
		{0090D41F-8CE0-4082-9DEE-C952589B8EC6}.Release|x64.ActiveCfg = Release|x64
		{0090D41F-8CE0-4082-9DEE-C952589B8EC6}.Release|x64.Build.0 = Release|x64
		{A1B2C3D4-1234-5678-9ABC-DEF012345678}.Debug|Any CPU.ActiveCfg = Release|Win32
		{A1B2C3D4-1234-5678-9ABC-DEF012345678}.Debug|Any CPU.Build.0 = Release|Win32
		{A1B2C3D4-1234-5678-9ABC-DEF012345678}.Debug|Mixed Platforms.ActiveCfg = Release|Win32
		{A1B2C3D4-1234-5678-9ABC-DEF012345678}.Debug|Mixed Platforms.Build.0 = Release|Win32
		{A1B2C3D4-1234-5678-9ABC-DEF012345678}.Debug|Win32.ActiveCfg = Release|Win32
		{A1B2C3D4-1234-5678-9ABC-DEF012345678}.Debug|Win32.Build.0 = Release|Win32
		{A1B2C3D4-1234-5678-9ABC-DEF012345678}.Debug|x64.ActiveCfg = Release|Win32
		{A1B2C3D4-1234-5678-9ABC-DEF012345678}.Release|Any CPU.ActiveCfg = Release|Win32
		{A1B2C3D4-1234-5678-9ABC-DEF012345678}.Release|Mixed Platforms.ActiveCfg = Release|Win32
		{A1B2C3D4-1234-5678-9ABC-DEF012345678}.Release|Mixed Platforms.Build.0 = Release|Win32
		{A1B2C3D4-1234-5678-9ABC-DEF012345678}.Release|Win32.ActiveCfg = Release|Win32
		{A1B2C3D4-1234-5678-9ABC-DEF012345678}.Release|Win32.Build.0 = Release|Win32
		{A1B2C3D4-1234-5678-9ABC-DEF012345678}.Release|x64.ActiveCfg = Release|Win32
		{B2C3D4E5-2345-6789-ABCD-EF2345678901}.Debug|Any CPU.ActiveCfg = Debug|Win32
		{B2C3D4E5-2345-6789-ABCD-EF2345678901}.Debug|Mixed Platforms.ActiveCfg = Debug|Win32
		{B2C3D4E5-2345-6789-ABCD-EF2345678901}.Debug|Mixed Platforms.Build.0 = Debug|Win32
		{B2C3D4E5-2345-6789-ABCD-EF2345678901}.Debug|Win32.ActiveCfg = Debug|Win32
		{B2C3D4E5-2345-6789-ABCD-EF2345678901}.Debug|Win32.Build.0 = Debug|Win32
		{B2C3D4E5-2345-6789-ABCD-EF2345678901}.Debug|x64.ActiveCfg = Debug|Win32
		{B2C3D4E5-2345-6789-ABCD-EF2345678901}.Release|Any CPU.ActiveCfg = Release|Win32
		{B2C3D4E5-2345-6789-ABCD-EF2345678901}.Release|Mixed Platforms.ActiveCfg = Release|Win32
		{B2C3D4E5-2345-6789-ABCD-EF2345678901}.Release|Mixed Platforms.Build.0 = Release|Win32
		{B2C3D4E5-2345-6789-ABCD-EF2345678901}.Release|Win32.ActiveCfg = Release|Win32
		{B2C3D4E5-2345-6789-ABCD-EF2345678901}.Release|Win32.Build.0 = Release|Win32
		{B2C3D4E5-2345-6789-ABCD-EF2345678901}.Release|x64.ActiveCfg = Release|Win32
		{C902AB42-BAA7-4036-97D4-86F910F746F3}.Debug|Any CPU.ActiveCfg = Debug|Win32
		{C902AB42-BAA7-4036-97D4-86F910F746F3}.Debug|Mixed Platforms.ActiveCfg = Debug|Win32
		{C902AB42-BAA7-4036-97D4-86F910F746F3}.Debug|Mixed Platforms.Build.0 = Debug|Win32
		{C902AB42-BAA7-4036-97D4-86F910F746F3}.Debug|Win32.ActiveCfg = Debug|Win32
		{C902AB42-BAA7-4036-97D4-86F910F746F3}.Debug|Win32.Build.0 = Debug|Win32
		{C902AB42-BAA7-4036-97D4-86F910F746F3}.Debug|x64.ActiveCfg = Debug|Win32
		{C902AB42-BAA7-4036-97D4-86F910F746F3}.Release|Any CPU.ActiveCfg = Release|Win32
		{C902AB42-BAA7-4036-97D4-86F910F746F3}.Release|Mixed Platforms.ActiveCfg = Release|Win32
		{C902AB42-BAA7-4036-97D4-86F910F746F3}.Release|Mixed Platforms.Build.0 = Release|Win32
		{C902AB42-BAA7-4036-97D4-86F910F746F3}.Release|Win32.ActiveCfg = Release|Win32
		{C902AB42-BAA7-4036-97D4-86F910F746F3}.Release|Win32.Build.0 = Release|Win32
		{C902AB42-BAA7-4036-97D4-86F910F746F3}.Release|x64.ActiveCfg = Release|Win32
		{A52D9C5B-D137-478C-9F6D-36C42DE25BDF}.Debug|Any CPU.ActiveCfg = Debug|Win32
		{A52D9C5B-D137-478C-9F6D-36C42DE25BDF}.Debug|Mixed Platforms.ActiveCfg = Debug|Win32
		{A52D9C5B-D137-478C-9F6D-36C42DE25BDF}.Debug|Mixed Platforms.Build.0 = Debug|Win32
		{A52D9C5B-D137-478C-9F6D-36C42DE25BDF}.Debug|Win32.ActiveCfg = Debug|Win32
		{A52D9C5B-D137-478C-9F6D-36C42DE25BDF}.Debug|Win32.Build.0 = Debug|Win32
		{A52D9C5B-D137-478C-9F6D-36C42DE25BDF}.Debug|x64.ActiveCfg = Debug|Win32
		{A52D9C5B-D137-478C-9F6D-36C42DE25BDF}.Release|Any CPU.ActiveCfg = Release|Win32
		{A52D9C5B-D137-478C-9F6D-36C42DE25BDF}.Release|Mixed Platforms.ActiveCfg = Release|Win32
		{A52D9C5B-D137-478C-9F6D-36C42DE25BDF}.Release|Mixed Platforms.Build.0 = Release|Win32
		{A52D9C5B-D137-478C-9F6D-36C42DE25BDF}.Release|Win32.ActiveCfg = Release|Win32
		{A52D9C5B-D137-478C-9F6D-36C42DE25BDF}.Release|Win32.Build.0 = Release|Win32
		{A52D9C5B-D137-478C-9F6D-36C42DE25BDF}.Release|x64.ActiveCfg = Release|Win32
	EndGlobalSection
	GlobalSection(SolutionProperties) = preSolution
		HideSolutionNode = FALSE
	EndGlobalSection
	GlobalSection(ExtensibilityGlobals) = postSolution
		SolutionGuid = {1430C63B-B4C6-4A1A-87D7-15711F9618E6}
	EndGlobalSection
EndGlobal
